
Microsoft Visual Studio Solution File, Format Version 12.00
# Visual Studio Version 16
VisualStudioVersion = 16.0.29519.87
MinimumVisualStudioVersion = 10.0.40219.1
Project("{8BC9CEB8-8B4A-11D0-8D11-00A0C91BC942}") = "S5Lua53", "S5Lua53\S5Lua53.vcxproj", "{43F9D95D-3448-45CF-8A7D-C62BD31C5700}"
EndProject
Global
	GlobalSection(SolutionConfigurationPlatforms) = preSolution
		Debug|x64 = Debug|x64
		Debug|x86 = Debug|x86
		Release|x64 = Release|x64
		Release|x86 = Release|x86
	EndGlobalSection
	GlobalSection(ProjectConfigurationPlatforms) = postSolution
		{43F9D95D-3448-45CF-8A7D-C62BD31C5700}.Debug|x64.ActiveCfg = Debug|x64
		{43F9D95D-3448-45CF-8A7D-C62BD31C5700}.Debug|x64.Build.0 = Debug|x64
		{43F9D95D-3448-45CF-8A7D-C62BD31C5700}.Debug|x86.ActiveCfg = Debug|Win32
		{43F9D95D-3448-45CF-8A7D-C62BD31C5700}.Debug|x86.Build.0 = Debug|Win32
		{43F9D95D-3448-45CF-8A7D-C62BD31C5700}.Release|x64.ActiveCfg = Release|x64
		{43F9D95D-3448-45CF-8A7D-C62BD31C5700}.Release|x64.Build.0 = Release|x64
		{43F9D95D-3448-45CF-8A7D-C62BD31C5700}.Release|x86.ActiveCfg = Release|Win32
		{43F9D95D-3448-45CF-8A7D-C62BD31C5700}.Release|x86.Build.0 = Release|Win32
	EndGlobalSection
	GlobalSection(SolutionProperties) = preSolution
		HideSolutionNode = FALSE
	EndGlobalSection
	GlobalSection(ExtensibilityGlobals) = postSolution
		SolutionGuid = {176C3316-DE55-422A-BAC7-8E49D2E1E053}
	EndGlobalSection
EndGlobal
